
Microsoft Visual Studio Solution File, Format Version 12.00
# Visual Studio Version 17
VisualStudioVersion = 17.0.31903.59
MinimumVisualStudioVersion = 10.0.40219.1
Project("{2150E333-8FDC-42A3-9474-1A3956D46DE8}") = "src", "src", "{827E0CD3-B72D-47B6-A68D-7590B98EB39B}"
EndProject
Project("{FAE04EC0-301F-11D3-BF4B-00C04F79EFBC}") = "RogueNet.Domain", "src\RogueNet.Domain\RogueNet.Domain.csproj", "{F9C06A8C-FC42-40C5-B727-C3B5F95B55BC}"
EndProject
Project("{FAE04EC0-301F-11D3-BF4B-00C04F79EFBC}") = "RogueNet.Application", "src\RogueNet.Application\RogueNet.Application.csproj", "{2693383A-088D-4C7D-8B4C-D6B6F3E72B97}"
EndProject
Project("{FAE04EC0-301F-11D3-BF4B-00C04F79EFBC}") = "RogueNet.Infrastructure", "src\RogueNet.Infrastructure\RogueNet.Infrastructure.csproj", "{A7E096F9-3932-44DA-BA3F-116F435A08EB}"
EndProject
Project("{FAE04EC0-301F-11D3-BF4B-00C04F79EFBC}") = "RogueNet.Api", "src\RogueNet.Api\RogueNet.Api.csproj", "{597F3F42-0446-4813-9566-CD53AE0F4010}"
EndProject
Project("{FAE04EC0-301F-11D3-BF4B-00C04F79EFBC}") = "RogueNet.Worker", "src\RogueNet.Worker\RogueNet.Worker.csproj", "{B8C671AC-7FDC-42CE-85F5-9B513896BCB0}"
EndProject
Project("{2150E333-8FDC-42A3-9474-1A3956D46DE8}") = "tests", "tests", "{0AB3BF05-4346-4AA6-1389-037BE0695223}"
EndProject
Project("{FAE04EC0-301F-11D3-BF4B-00C04F79EFBC}") = "RogueNet.UnitTests", "tests\RogueNet.UnitTests\RogueNet.UnitTests.csproj", "{84892A48-3526-45E4-AB0C-AC4125CE7066}"
EndProject
Project("{FAE04EC0-301F-11D3-BF4B-00C04F79EFBC}") = "RogueNet.IntegrationTests", "tests\RogueNet.IntegrationTests\RogueNet.IntegrationTests.csproj", "{E2683FF7-1B8D-47CB-A86C-C41B3ECBA73C}"
EndProject
Global
	GlobalSection(SolutionConfigurationPlatforms) = preSolution
		Debug|Any CPU = Debug|Any CPU
		Debug|x64 = Debug|x64
		Debug|x86 = Debug|x86
		Release|Any CPU = Release|Any CPU
		Release|x64 = Release|x64
		Release|x86 = Release|x86
	EndGlobalSection
	GlobalSection(ProjectConfigurationPlatforms) = postSolution
		{F9C06A8C-FC42-40C5-B727-C3B5F95B55BC}.Debug|Any CPU.ActiveCfg = Debug|Any CPU
		{F9C06A8C-FC42-40C5-B727-C3B5F95B55BC}.Debug|Any CPU.Build.0 = Debug|Any CPU
		{F9C06A8C-FC42-40C5-B727-C3B5F95B55BC}.Debug|x64.ActiveCfg = Debug|Any CPU
		{F9C06A8C-FC42-40C5-B727-C3B5F95B55BC}.Debug|x64.Build.0 = Debug|Any CPU
		{F9C06A8C-FC42-40C5-B727-C3B5F95B55BC}.Debug|x86.ActiveCfg = Debug|Any CPU
		{F9C06A8C-FC42-40C5-B727-C3B5F95B55BC}.Debug|x86.Build.0 = Debug|Any CPU
		{F9C06A8C-FC42-40C5-B727-C3B5F95B55BC}.Release|Any CPU.ActiveCfg = Release|Any CPU
		{F9C06A8C-FC42-40C5-B727-C3B5F95B55BC}.Release|Any CPU.Build.0 = Release|Any CPU
		{F9C06A8C-FC42-40C5-B727-C3B5F95B55BC}.Release|x64.ActiveCfg = Release|Any CPU
		{F9C06A8C-FC42-40C5-B727-C3B5F95B55BC}.Release|x64.Build.0 = Release|Any CPU
		{F9C06A8C-FC42-40C5-B727-C3B5F95B55BC}.Release|x86.ActiveCfg = Release|Any CPU
		{F9C06A8C-FC42-40C5-B727-C3B5F95B55BC}.Release|x86.Build.0 = Release|Any CPU
		{2693383A-088D-4C7D-8B4C-D6B6F3E72B97}.Debug|Any CPU.ActiveCfg = Debug|Any CPU
		{2693383A-088D-4C7D-8B4C-D6B6F3E72B97}.Debug|Any CPU.Build.0 = Debug|Any CPU
		{2693383A-088D-4C7D-8B4C-D6B6F3E72B97}.Debug|x64.ActiveCfg = Debug|Any CPU
		{2693383A-088D-4C7D-8B4C-D6B6F3E72B97}.Debug|x64.Build.0 = Debug|Any CPU
		{2693383A-088D-4C7D-8B4C-D6B6F3E72B97}.Debug|x86.ActiveCfg = Debug|Any CPU
		{2693383A-088D-4C7D-8B4C-D6B6F3E72B97}.Debug|x86.Build.0 = Debug|Any CPU
		{2693383A-088D-4C7D-8B4C-D6B6F3E72B97}.Release|Any CPU.ActiveCfg = Release|Any CPU
		{2693383A-088D-4C7D-8B4C-D6B6F3E72B97}.Release|Any CPU.Build.0 = Release|Any CPU
		{2693383A-088D-4C7D-8B4C-D6B6F3E72B97}.Release|x64.ActiveCfg = Release|Any CPU
		{2693383A-088D-4C7D-8B4C-D6B6F3E72B97}.Release|x64.Build.0 = Release|Any CPU
		{2693383A-088D-4C7D-8B4C-D6B6F3E72B97}.Release|x86.ActiveCfg = Release|Any CPU
		{2693383A-088D-4C7D-8B4C-D6B6F3E72B97}.Release|x86.Build.0 = Release|Any CPU
		{A7E096F9-3932-44DA-BA3F-116F435A08EB}.Debug|Any CPU.ActiveCfg = Debug|Any CPU
		{A7E096F9-3932-44DA-BA3F-116F435A08EB}.Debug|Any CPU.Build.0 = Debug|Any CPU
		{A7E096F9-3932-44DA-BA3F-116F435A08EB}.Debug|x64.ActiveCfg = Debug|Any CPU
		{A7E096F9-3932-44DA-BA3F-116F435A08EB}.Debug|x64.Build.0 = Debug|Any CPU
		{A7E096F9-3932-44DA-BA3F-116F435A08EB}.Debug|x86.ActiveCfg = Debug|Any CPU
		{A7E096F9-3932-44DA-BA3F-116F435A08EB}.Debug|x86.Build.0 = Debug|Any CPU
		{A7E096F9-3932-44DA-BA3F-116F435A08EB}.Release|Any CPU.ActiveCfg = Release|Any CPU
		{A7E096F9-3932-44DA-BA3F-116F435A08EB}.Release|Any CPU.Build.0 = Release|Any CPU
		{A7E096F9-3932-44DA-BA3F-116F435A08EB}.Release|x64.ActiveCfg = Release|Any CPU
		{A7E096F9-3932-44DA-BA3F-116F435A08EB}.Release|x64.Build.0 = Release|Any CPU
		{A7E096F9-3932-44DA-BA3F-116F435A08EB}.Release|x86.ActiveCfg = Release|Any CPU
		{A7E096F9-3932-44DA-BA3F-116F435A08EB}.Release|x86.Build.0 = Release|Any CPU
		{597F3F42-0446-4813-9566-CD53AE0F4010}.Debug|Any CPU.ActiveCfg = Debug|Any CPU
		{597F3F42-0446-4813-9566-CD53AE0F4010}.Debug|Any CPU.Build.0 = Debug|Any CPU
		{597F3F42-0446-4813-9566-CD53AE0F4010}.Debug|x64.ActiveCfg = Debug|Any CPU
		{597F3F42-0446-4813-9566-CD53AE0F4010}.Debug|x64.Build.0 = Debug|Any CPU
		{597F3F42-0446-4813-9566-CD53AE0F4010}.Debug|x86.ActiveCfg = Debug|Any CPU
		{597F3F42-0446-4813-9566-CD53AE0F4010}.Debug|x86.Build.0 = Debug|Any CPU
		{597F3F42-0446-4813-9566-CD53AE0F4010}.Release|Any CPU.ActiveCfg = Release|Any CPU
		{597F3F42-0446-4813-9566-CD53AE0F4010}.Release|Any CPU.Build.0 = Release|Any CPU
		{597F3F42-0446-4813-9566-CD53AE0F4010}.Release|x64.ActiveCfg = Release|Any CPU
		{597F3F42-0446-4813-9566-CD53AE0F4010}.Release|x64.Build.0 = Release|Any CPU
		{597F3F42-0446-4813-9566-CD53AE0F4010}.Release|x86.ActiveCfg = Release|Any CPU
		{597F3F42-0446-4813-9566-CD53AE0F4010}.Release|x86.Build.0 = Release|Any CPU
		{B8C671AC-7FDC-42CE-85F5-9B513896BCB0}.Debug|Any CPU.ActiveCfg = Debug|Any CPU
		{B8C671AC-7FDC-42CE-85F5-9B513896BCB0}.Debug|Any CPU.Build.0 = Debug|Any CPU
		{B8C671AC-7FDC-42CE-85F5-9B513896BCB0}.Debug|x64.ActiveCfg = Debug|Any CPU
		{B8C671AC-7FDC-42CE-85F5-9B513896BCB0}.Debug|x64.Build.0 = Debug|Any CPU
		{B8C671AC-7FDC-42CE-85F5-9B513896BCB0}.Debug|x86.ActiveCfg = Debug|Any CPU
		{B8C671AC-7FDC-42CE-85F5-9B513896BCB0}.Debug|x86.Build.0 = Debug|Any CPU
		{B8C671AC-7FDC-42CE-85F5-9B513896BCB0}.Release|Any CPU.ActiveCfg = Release|Any CPU
		{B8C671AC-7FDC-42CE-85F5-9B513896BCB0}.Release|Any CPU.Build.0 = Release|Any CPU
		{B8C671AC-7FDC-42CE-85F5-9B513896BCB0}.Release|x64.ActiveCfg = Release|Any CPU
		{B8C671AC-7FDC-42CE-85F5-9B513896BCB0}.Release|x64.Build.0 = Release|Any CPU
		{B8C671AC-7FDC-42CE-85F5-9B513896BCB0}.Release|x86.ActiveCfg = Release|Any CPU
		{B8C671AC-7FDC-42CE-85F5-9B513896BCB0}.Release|x86.Build.0 = Release|Any CPU
		{84892A48-3526-45E4-AB0C-AC4125CE7066}.Debug|Any CPU.ActiveCfg = Debug|Any CPU
		{84892A48-3526-45E4-AB0C-AC4125CE7066}.Debug|Any CPU.Build.0 = Debug|Any CPU
		{84892A48-3526-45E4-AB0C-AC4125CE7066}.Debug|x64.ActiveCfg = Debug|Any CPU
		{84892A48-3526-45E4-AB0C-AC4125CE7066}.Debug|x64.Build.0 = Debug|Any CPU
		{84892A48-3526-45E4-AB0C-AC4125CE7066}.Debug|x86.ActiveCfg = Debug|Any CPU
		{84892A48-3526-45E4-AB0C-AC4125CE7066}.Debug|x86.Build.0 = Debug|Any CPU
		{84892A48-3526-45E4-AB0C-AC4125CE7066}.Release|Any CPU.ActiveCfg = Release|Any CPU
		{84892A48-3526-45E4-AB0C-AC4125CE7066}.Release|Any CPU.Build.0 = Release|Any CPU
		{84892A48-3526-45E4-AB0C-AC4125CE7066}.Release|x64.ActiveCfg = Release|Any CPU
		{84892A48-3526-45E4-AB0C-AC4125CE7066}.Release|x64.Build.0 = Release|Any CPU
		{84892A48-3526-45E4-AB0C-AC4125CE7066}.Release|x86.ActiveCfg = Release|Any CPU
		{84892A48-3526-45E4-AB0C-AC4125CE7066}.Release|x86.Build.0 = Release|Any CPU
		{E2683FF7-1B8D-47CB-A86C-C41B3ECBA73C}.Debug|Any CPU.ActiveCfg = Debug|Any CPU
		{E2683FF7-1B8D-47CB-A86C-C41B3ECBA73C}.Debug|Any CPU.Build.0 = Debug|Any CPU
		{E2683FF7-1B8D-47CB-A86C-C41B3ECBA73C}.Debug|x64.ActiveCfg = Debug|Any CPU
		{E2683FF7-1B8D-47CB-A86C-C41B3ECBA73C}.Debug|x64.Build.0 = Debug|Any CPU
		{E2683FF7-1B8D-47CB-A86C-C41B3ECBA73C}.Debug|x86.ActiveCfg = Debug|Any CPU
		{E2683FF7-1B8D-47CB-A86C-C41B3ECBA73C}.Debug|x86.Build.0 = Debug|Any CPU
		{E2683FF7-1B8D-47CB-A86C-C41B3ECBA73C}.Release|Any CPU.ActiveCfg = Release|Any CPU
		{E2683FF7-1B8D-47CB-A86C-C41B3ECBA73C}.Release|Any CPU.Build.0 = Release|Any CPU
		{E2683FF7-1B8D-47CB-A86C-C41B3ECBA73C}.Release|x64.ActiveCfg = Release|Any CPU
		{E2683FF7-1B8D-47CB-A86C-C41B3ECBA73C}.Release|x64.Build.0 = Release|Any CPU
		{E2683FF7-1B8D-47CB-A86C-C41B3ECBA73C}.Release|x86.ActiveCfg = Release|Any CPU
		{E2683FF7-1B8D-47CB-A86C-C41B3ECBA73C}.Release|x86.Build.0 = Release|Any CPU
	EndGlobalSection
	GlobalSection(SolutionProperties) = preSolution
		HideSolutionNode = FALSE
	EndGlobalSection
	GlobalSection(NestedProjects) = preSolution
		{F9C06A8C-FC42-40C5-B727-C3B5F95B55BC} = {827E0CD3-B72D-47B6-A68D-7590B98EB39B}
		{2693383A-088D-4C7D-8B4C-D6B6F3E72B97} = {827E0CD3-B72D-47B6-A68D-7590B98EB39B}
		{A7E096F9-3932-44DA-BA3F-116F435A08EB} = {827E0CD3-B72D-47B6-A68D-7590B98EB39B}
		{597F3F42-0446-4813-9566-CD53AE0F4010} = {827E0CD3-B72D-47B6-A68D-7590B98EB39B}
		{B8C671AC-7FDC-42CE-85F5-9B513896BCB0} = {827E0CD3-B72D-47B6-A68D-7590B98EB39B}
		{84892A48-3526-45E4-AB0C-AC4125CE7066} = {0AB3BF05-4346-4AA6-1389-037BE0695223}
		{E2683FF7-1B8D-47CB-A86C-C41B3ECBA73C} = {0AB3BF05-4346-4AA6-1389-037BE0695223}
	EndGlobalSection
EndGlobal
